
Microsoft Visual Studio Solution File, Format Version 12.00
# Visual Studio Version 16
VisualStudioVersion = 16.0.30309.148
MinimumVisualStudioVersion = 10.0.40219.1
Project("{9A19103F-16F7-4668-BE54-9A1E7A4F7556}") = "EmployeeManagement", "EmployeeManagement\EmployeeManagement.csproj", "{2BCB331A-DEAA-4846-B39D-73B3654D3630}"
EndProject
Project("{9A19103F-16F7-4668-BE54-9A1E7A4F7556}") = "MessageManager", "MessageManager\MessageManager.csproj", "{AADCF167-4967-42B4-8EB8-04B5B2F1844F}"
EndProject
Project("{FAE04EC0-301F-11D3-BF4B-00C04F79EFBC}") = "Employeemanagement.Test", "Employeemanagement.Test\Employeemanagement.Test.csproj", "{866F1BAA-3700-471D-B442-ADBAE6A5453B}"
EndProject
Global
	GlobalSection(SolutionConfigurationPlatforms) = preSolution
		Debug|Any CPU = Debug|Any CPU
		Release|Any CPU = Release|Any CPU
	EndGlobalSection
	GlobalSection(ProjectConfigurationPlatforms) = postSolution
		{2BCB331A-DEAA-4846-B39D-73B3654D3630}.Debug|Any CPU.ActiveCfg = Debug|Any CPU
		{2BCB331A-DEAA-4846-B39D-73B3654D3630}.Debug|Any CPU.Build.0 = Debug|Any CPU
		{2BCB331A-DEAA-4846-B39D-73B3654D3630}.Release|Any CPU.ActiveCfg = Release|Any CPU
		{2BCB331A-DEAA-4846-B39D-73B3654D3630}.Release|Any CPU.Build.0 = Release|Any CPU
		{AADCF167-4967-42B4-8EB8-04B5B2F1844F}.Debug|Any CPU.ActiveCfg = Debug|Any CPU
		{AADCF167-4967-42B4-8EB8-04B5B2F1844F}.Debug|Any CPU.Build.0 = Debug|Any CPU
		{AADCF167-4967-42B4-8EB8-04B5B2F1844F}.Release|Any CPU.ActiveCfg = Release|Any CPU
		{AADCF167-4967-42B4-8EB8-04B5B2F1844F}.Release|Any CPU.Build.0 = Release|Any CPU
		{866F1BAA-3700-471D-B442-ADBAE6A5453B}.Debug|Any CPU.ActiveCfg = Debug|Any CPU
		{866F1BAA-3700-471D-B442-ADBAE6A5453B}.Debug|Any CPU.Build.0 = Debug|Any CPU
		{866F1BAA-3700-471D-B442-ADBAE6A5453B}.Release|Any CPU.ActiveCfg = Release|Any CPU
		{866F1BAA-3700-471D-B442-ADBAE6A5453B}.Release|Any CPU.Build.0 = Release|Any CPU
	EndGlobalSection
	GlobalSection(SolutionProperties) = preSolution
		HideSolutionNode = FALSE
	EndGlobalSection
	GlobalSection(ExtensibilityGlobals) = postSolution
		SolutionGuid = {EAD5CE29-DB02-4342-929C-1076340828B4}
	EndGlobalSection
EndGlobal
